
Microsoft Visual Studio Solution File, Format Version 12.00
# Visual Studio Version 17
VisualStudioVersion = 17.14.36121.58 d17.14
MinimumVisualStudioVersion = 10.0.40219.1
Project("{FAE04EC0-301F-11D3-BF4B-00C04F79EFBC}") = "Blockio-Api", "Blockio-Api.csproj", "{F3027058-E3C7-4CD8-9E60-D414C1A5F804}"
EndProject
Global
	GlobalSection(SolutionConfigurationPlatforms) = preSolution
		Debug|Any CPU = Debug|Any CPU
		Release|Any CPU = Release|Any CPU
	EndGlobalSection
	GlobalSection(ProjectConfigurationPlatforms) = postSolution
		{F3027058-E3C7-4CD8-9E60-D414C1A5F804}.Debug|Any CPU.ActiveCfg = Debug|Any CPU
		{F3027058-E3C7-4CD8-9E60-D414C1A5F804}.Debug|Any CPU.Build.0 = Debug|Any CPU
		{F3027058-E3C7-4CD8-9E60-D414C1A5F804}.Release|Any CPU.ActiveCfg = Release|Any CPU
		{F3027058-E3C7-4CD8-9E60-D414C1A5F804}.Release|Any CPU.Build.0 = Release|Any CPU
	EndGlobalSection
	GlobalSection(SolutionProperties) = preSolution
		HideSolutionNode = FALSE
	EndGlobalSection
	GlobalSection(ExtensibilityGlobals) = postSolution
		SolutionGuid = {E2FD7DBB-CFDE-4FFC-85A9-15E8D79E683D}
	EndGlobalSection
EndGlobal
